
Microsoft Visual Studio Solution File, Format Version 12.00
# Visual Studio Version 17
VisualStudioVersion = 17.4.33122.133
MinimumVisualStudioVersion = 10.0.40219.1
Project("{FAE04EC0-301F-11D3-BF4B-00C04F79EFBC}") = "Darkest Fighters", "Darkest Fighters.csproj", "{4432C57A-3319-43A7-8F03-49B4CBF5C318}"
EndProject
Global
	GlobalSection(SolutionConfigurationPlatforms) = preSolution
		Debug|Any CPU = Debug|Any CPU
		Release|Any CPU = Release|Any CPU
	EndGlobalSection
	GlobalSection(ProjectConfigurationPlatforms) = postSolution
		{4432C57A-3319-43A7-8F03-49B4CBF5C318}.Debug|Any CPU.ActiveCfg = Debug|Any CPU
		{4432C57A-3319-43A7-8F03-49B4CBF5C318}.Debug|Any CPU.Build.0 = Debug|Any CPU
		{4432C57A-3319-43A7-8F03-49B4CBF5C318}.Release|Any CPU.ActiveCfg = Release|Any CPU
		{4432C57A-3319-43A7-8F03-49B4CBF5C318}.Release|Any CPU.Build.0 = Release|Any CPU
	EndGlobalSection
	GlobalSection(SolutionProperties) = preSolution
		HideSolutionNode = FALSE
	EndGlobalSection
	GlobalSection(ExtensibilityGlobals) = postSolution
		SolutionGuid = {9B2D9CE1-DBB8-4108-A198-5D91A450A752}
	EndGlobalSection
EndGlobal
